
Microsoft Visual Studio Solution File, Format Version 12.00
# Visual Studio Version 16
VisualStudioVersion = 16.0.29306.81
MinimumVisualStudioVersion = 10.0.40219.1
Project("{FAE04EC0-301F-11D3-BF4B-00C04F79EFBC}") = "CNN1", "CNN1\CNN1.csproj", "{A79988DD-46BE-42F3-8DD2-0B56441F63E9}"
EndProject
Global
	GlobalSection(SolutionConfigurationPlatforms) = preSolution
		Debug|Any CPU = Debug|Any CPU
		Release|Any CPU = Release|Any CPU
	EndGlobalSection
	GlobalSection(ProjectConfigurationPlatforms) = postSolution
		{A79988DD-46BE-42F3-8DD2-0B56441F63E9}.Debug|Any CPU.ActiveCfg = Debug|Any CPU
		{A79988DD-46BE-42F3-8DD2-0B56441F63E9}.Debug|Any CPU.Build.0 = Debug|Any CPU
		{A79988DD-46BE-42F3-8DD2-0B56441F63E9}.Release|Any CPU.ActiveCfg = Release|Any CPU
		{A79988DD-46BE-42F3-8DD2-0B56441F63E9}.Release|Any CPU.Build.0 = Release|Any CPU
	EndGlobalSection
	GlobalSection(SolutionProperties) = preSolution
		HideSolutionNode = FALSE
	EndGlobalSection
	GlobalSection(ExtensibilityGlobals) = postSolution
		SolutionGuid = {CB1BC62F-5CA6-4375-B267-BAF123A04706}
	EndGlobalSection
EndGlobal
